// !$*UTF8*$!
{
	archiveVersion = 1;
	classes = {
	};
	objectVersion = 50;
	objects = {

/* Begin PBXBuildFile section */
		676B1556267F9C0D003A125E /* AppDelegate.swift in Sources */ = {isa = PBXBuildFile; fileRef = 676B1555267F9C0D003A125E /* AppDelegate.swift */; };
		676B1558267F9C0D003A125E /* SceneDelegate.swift in Sources */ = {isa = PBXBuildFile; fileRef = 676B1557267F9C0D003A125E /* SceneDelegate.swift */; };
		676B155C267F9C0E003A125E /* Assets.xcassets in Resources */ = {isa = PBXBuildFile; fileRef = 676B155B267F9C0E003A125E /* Assets.xcassets */; };
		676B155F267F9C0E003A125E /* Preview Assets.xcassets in Resources */ = {isa = PBXBuildFile; fileRef = 676B155E267F9C0E003A125E /* Preview Assets.xcassets */; };
		676B1562267F9C0E003A125E /* LaunchScreen.storyboard in Resources */ = {isa = PBXBuildFile; fileRef = 676B1560267F9C0E003A125E /* LaunchScreen.storyboard */; };
		676B156A267F9C80003A125E /* HomeView.swift in Sources */ = {isa = PBXBuildFile; fileRef = 676B1569267F9C80003A125E /* HomeView.swift */; };
		676B156C267F9CA6003A125E /* RoomView.swift in Sources */ = {isa = PBXBuildFile; fileRef = 676B156B267F9CA6003A125E /* RoomView.swift */; };
		676B156F267F9CCB003A125E /* RoomCell.swift in Sources */ = {isa = PBXBuildFile; fileRef = 676B156E267F9CCB003A125E /* RoomCell.swift */; };
		676B1571267F9CE7003A125E /* UserCell.swift in Sources */ = {isa = PBXBuildFile; fileRef = 676B1570267F9CE7003A125E /* UserCell.swift */; };
		676B1573267F9CF7003A125E /* EventCell.swift in Sources */ = {isa = PBXBuildFile; fileRef = 676B1572267F9CF7003A125E /* EventCell.swift */; };
		676B1575267F9D03003A125E /* RoomListeners.swift in Sources */ = {isa = PBXBuildFile; fileRef = 676B1574267F9D03003A125E /* RoomListeners.swift */; };
		676B1578267F9D2B003A125E /* CA+Modifier.swift in Sources */ = {isa = PBXBuildFile; fileRef = 676B1577267F9D2B003A125E /* CA+Modifier.swift */; };
		676B157A267F9D3D003A125E /* CA+Color.swift in Sources */ = {isa = PBXBuildFile; fileRef = 676B1579267F9D3D003A125E /* CA+Color.swift */; };
		676B157C267F9D4B003A125E /* CA+Font.swift in Sources */ = {isa = PBXBuildFile; fileRef = 676B157B267F9D4B003A125E /* CA+Font.swift */; };
		676B157E267F9D5C003A125E /* CA+Misc.swift in Sources */ = {isa = PBXBuildFile; fileRef = 676B157D267F9D5C003A125E /* CA+Misc.swift */; };
		676B1581267F9D7B003A125E /* Event.swift in Sources */ = {isa = PBXBuildFile; fileRef = 676B1580267F9D7B003A125E /* Event.swift */; };
		676B1583267F9D8C003A125E /* Room.swift in Sources */ = {isa = PBXBuildFile; fileRef = 676B1582267F9D8C003A125E /* Room.swift */; };
		676B1585267F9D9B003A125E /* Names.swift in Sources */ = {isa = PBXBuildFile; fileRef = 676B1584267F9D9B003A125E /* Names.swift */; };
		676B1587267F9DA4003A125E /* Images.swift in Sources */ = {isa = PBXBuildFile; fileRef = 676B1586267F9DA4003A125E /* Images.swift */; };
		676B1589267F9DB6003A125E /* Icons.swift in Sources */ = {isa = PBXBuildFile; fileRef = 676B1588267F9DB6003A125E /* Icons.swift */; };
/* End PBXBuildFile section */

/* Begin PBXFileReference section */
		676B1552267F9C0D003A125E /* clubhouse.app */ = {isa = PBXFileReference; explicitFileType = wrapper.application; includeInIndex = 0; path = clubhouse.app; sourceTree = BUILT_PRODUCTS_DIR; };
		676B1555267F9C0D003A125E /* AppDelegate.swift */ = {isa = PBXFileReference; lastKnownFileType = sourcecode.swift; path = AppDelegate.swift; sourceTree = "<group>"; };
		676B1557267F9C0D003A125E /* SceneDelegate.swift */ = {isa = PBXFileReference; lastKnownFileType = sourcecode.swift; path = SceneDelegate.swift; sourceTree = "<group>"; };
		676B155B267F9C0E003A125E /* Assets.xcassets */ = {isa = PBXFileReference; lastKnownFileType = folder.assetcatalog; path = Assets.xcassets; sourceTree = "<group>"; };
		676B155E267F9C0E003A125E /* Preview Assets.xcassets */ = {isa = PBXFileReference; lastKnownFileType = folder.assetcatalog; path = "Preview Assets.xcassets"; sourceTree = "<group>"; };
		676B1561267F9C0E003A125E /* Base */ = {isa = PBXFileReference; lastKnownFileType = file.storyboard; name = Base; path = Base.lproj/LaunchScreen.storyboard; sourceTree = "<group>"; };
		676B1563267F9C0E003A125E /* Info.plist */ = {isa = PBXFileReference; lastKnownFileType = text.plist.xml; path = Info.plist; sourceTree = "<group>"; };
		676B1569267F9C80003A125E /* HomeView.swift */ = {isa = PBXFileReference; lastKnownFileType = sourcecode.swift; path = HomeView.swift; sourceTree = "<group>"; };
		676B156B267F9CA6003A125E /* RoomView.swift */ = {isa = PBXFileReference; lastKnownFileType = sourcecode.swift; path = RoomView.swift; sourceTree = "<group>"; };
		676B156E267F9CCB003A125E /* RoomCell.swift */ = {isa = PBXFileReference; lastKnownFileType = sourcecode.swift; path = RoomCell.swift; sourceTree = "<group>"; };
		676B1570267F9CE7003A125E /* UserCell.swift */ = {isa = PBXFileReference; lastKnownFileType = sourcecode.swift; path = UserCell.swift; sourceTree = "<group>"; };
		676B1572267F9CF7003A125E /* EventCell.swift */ = {isa = PBXFileReference; lastKnownFileType = sourcecode.swift; path = EventCell.swift; sourceTree = "<group>"; };
		676B1574267F9D03003A125E /* RoomListeners.swift */ = {isa = PBXFileReference; lastKnownFileType = sourcecode.swift; path = RoomListeners.swift; sourceTree = "<group>"; };
		676B1577267F9D2B003A125E /* CA+Modifier.swift */ = {isa = PBXFileReference; lastKnownFileType = sourcecode.swift; path = "CA+Modifier.swift"; sourceTree = "<group>"; };
		676B1579267F9D3D003A125E /* CA+Color.swift */ = {isa = PBXFileReference; lastKnownFileType = sourcecode.swift; path = "CA+Color.swift"; sourceTree = "<group>"; };
		676B157B267F9D4B003A125E /* CA+Font.swift */ = {isa = PBXFileReference; lastKnownFileType = sourcecode.swift; path = "CA+Font.swift"; sourceTree = "<group>"; };
		676B157D267F9D5C003A125E /* CA+Misc.swift */ = {isa = PBXFileReference; lastKnownFileType = sourcecode.swift; path = "CA+Misc.swift"; sourceTree = "<group>"; };
		676B1580267F9D7B003A125E /* Event.swift */ = {isa = PBXFileReference; lastKnownFileType = sourcecode.swift; path = Event.swift; sourceTree = "<group>"; };
		676B1582267F9D8C003A125E /* Room.swift */ = {isa = PBXFileReference; lastKnownFileType = sourcecode.swift; path = Room.swift; sourceTree = "<group>"; };
		676B1584267F9D9B003A125E /* Names.swift */ = {isa = PBXFileReference; lastKnownFileType = sourcecode.swift; path = Names.swift; sourceTree = "<group>"; };
		676B1586267F9DA4003A125E /* Images.swift */ = {isa = PBXFileReference; lastKnownFileType = sourcecode.swift; path = Images.swift; sourceTree = "<group>"; };
		676B1588267F9DB6003A125E /* Icons.swift */ = {isa = PBXFileReference; lastKnownFileType = sourcecode.swift; path = Icons.swift; sourceTree = "<group>"; };
		676B158B267F9DCF003A125E /* Nunito-Light.ttf */ = {isa = PBXFileReference; lastKnownFileType = file; path = "Nunito-Light.ttf"; sourceTree = "<group>"; };
		676B158C267F9DCF003A125E /* Nunito-Black.ttf */ = {isa = PBXFileReference; lastKnownFileType = file; path = "Nunito-Black.ttf"; sourceTree = "<group>"; };
		676B158D267F9DCF003A125E /* Nunito-ExtraBold.ttf */ = {isa = PBXFileReference; lastKnownFileType = file; path = "Nunito-ExtraBold.ttf"; sourceTree = "<group>"; };
		676B158E267F9DCF003A125E /* Nunito-Bold.ttf */ = {isa = PBXFileReference; lastKnownFileType = file; path = "Nunito-Bold.ttf"; sourceTree = "<group>"; };
		676B158F267F9DCF003A125E /* Nunito-SemiBold.ttf */ = {isa = PBXFileReference; lastKnownFileType = file; path = "Nunito-SemiBold.ttf"; sourceTree = "<group>"; };
		676B1590267F9DCF003A125E /* Nunito-Regular.ttf */ = {isa = PBXFileReference; lastKnownFileType = file; path = "Nunito-Regular.ttf"; sourceTree = "<group>"; };
/* End PBXFileReference section */

/* Begin PBXFrameworksBuildPhase section */
		676B154F267F9C0D003A125E /* Frameworks */ = {
			isa = PBXFrameworksBuildPhase;
			buildActionMask = 2147483647;
			files = (
			);
			runOnlyForDeploymentPostprocessing = 0;
		};
/* End PBXFrameworksBuildPhase section */

/* Begin PBXGroup section */
		676B1549267F9C0D003A125E = {
			isa = PBXGroup;
			children = (
				676B1554267F9C0D003A125E /* clubhouse */,
				676B1553267F9C0D003A125E /* Products */,
			);
			sourceTree = "<group>";
		};
		676B1553267F9C0D003A125E /* Products */ = {
			isa = PBXGroup;
			children = (
				676B1552267F9C0D003A125E /* clubhouse.app */,
			);
			name = Products;
			sourceTree = "<group>";
		};
		676B1554267F9C0D003A125E /* clubhouse */ = {
			isa = PBXGroup;
			children = (
				676B1555267F9C0D003A125E /* AppDelegate.swift */,
				676B1557267F9C0D003A125E /* SceneDelegate.swift */,
				676B158A267F9DBF003A125E /* Helpers */,
				676B157F267F9D66003A125E /* Extensions */,
				676B156D267F9CBC003A125E /* Screens */,
				676B1576267F9D0F003A125E /* Components */,
				676B155B267F9C0E003A125E /* Assets.xcassets */,
				676B1560267F9C0E003A125E /* LaunchScreen.storyboard */,
				676B1563267F9C0E003A125E /* Info.plist */,
				676B155D267F9C0E003A125E /* Preview Content */,
			);
			path = clubhouse;
			sourceTree = "<group>";
		};
		676B155D267F9C0E003A125E /* Preview Content */ = {
			isa = PBXGroup;
			children = (
				676B155E267F9C0E003A125E /* Preview Assets.xcassets */,
			);
			path = "Preview Content";
			sourceTree = "<group>";
		};
		676B156D267F9CBC003A125E /* Screens */ = {
			isa = PBXGroup;
			children = (
				676B1569267F9C80003A125E /* HomeView.swift */,
				676B156B267F9CA6003A125E /* RoomView.swift */,
			);
			path = Screens;
			sourceTree = "<group>";
		};
		676B1576267F9D0F003A125E /* Components */ = {
			isa = PBXGroup;
			children = (
				676B156E267F9CCB003A125E /* RoomCell.swift */,
				676B1570267F9CE7003A125E /* UserCell.swift */,
				676B1572267F9CF7003A125E /* EventCell.swift */,
				676B1574267F9D03003A125E /* RoomListeners.swift */,
			);
			path = Components;
			sourceTree = "<group>";
		};
		676B157F267F9D66003A125E /* Extensions */ = {
			isa = PBXGroup;
			children = (
				676B1577267F9D2B003A125E /* CA+Modifier.swift */,
				676B1579267F9D3D003A125E /* CA+Color.swift */,
				676B157B267F9D4B003A125E /* CA+Font.swift */,
				676B157D267F9D5C003A125E /* CA+Misc.swift */,
			);
			path = Extensions;
			sourceTree = "<group>";
		};
		676B158A267F9DBF003A125E /* Helpers */ = {
			isa = PBXGroup;
			children = (
				676B1591267F9DD3003A125E /* Fonts */,
				676B1580267F9D7B003A125E /* Event.swift */,
				676B1582267F9D8C003A125E /* Room.swift */,
				676B1584267F9D9B003A125E /* Names.swift */,
				676B1586267F9DA4003A125E /* Images.swift */,
				676B1588267F9DB6003A125E /* Icons.swift */,
			);
			path = Helpers;
			sourceTree = "<group>";
		};
		676B1591267F9DD3003A125E /* Fonts */ = {
			isa = PBXGroup;
			children = (
				676B158C267F9DCF003A125E /* Nunito-Black.ttf */,
				676B158E267F9DCF003A125E /* Nunito-Bold.ttf */,
				676B158D267F9DCF003A125E /* Nunito-ExtraBold.ttf */,
				676B158B267F9DCF003A125E /* Nunito-Light.ttf */,
				676B1590267F9DCF003A125E /* Nunito-Regular.ttf */,
				676B158F267F9DCF003A125E /* Nunito-SemiBold.ttf */,
			);
			path = Fonts;
			sourceTree = "<group>";
		};
/* End PBXGroup section */

/* Begin PBXNativeTarget section */
		676B1551267F9C0D003A125E /* clubhouse */ = {
			isa = PBXNativeTarget;
			buildConfigurationList = 676B1566267F9C0E003A125E /* Build configuration list for PBXNativeTarget "clubhouse" */;
			buildPhases = (
				676B154E267F9C0D003A125E /* Sources */,
				676B154F267F9C0D003A125E /* Frameworks */,
				676B1550267F9C0D003A125E /* Resources */,
			);
			buildRules = (
			);
			dependencies = (
			);
			name = clubhouse;
			productName = clubhouse;
			productReference = 676B1552267F9C0D003A125E /* clubhouse.app */;
			productType = "com.apple.product-type.application";
		};
/* End PBXNativeTarget section */

/* Begin PBXProject section */
		676B154A267F9C0D003A125E /* Project object */ = {
			isa = PBXProject;
			attributes = {
				LastSwiftUpdateCheck = 1250;
				LastUpgradeCheck = 1250;
				TargetAttributes = {
					676B1551267F9C0D003A125E = {
						CreatedOnToolsVersion = 12.5;
					};
				};
			};
			buildConfigurationList = 676B154D267F9C0D003A125E /* Build configuration list for PBXProject "clubhouse" */;
			compatibilityVersion = "Xcode 9.3";
			developmentRegion = en;
			hasScannedForEncodings = 0;
			knownRegions = (
				en,
				Base,
			);
			mainGroup = 676B1549267F9C0D003A125E;
			productRefGroup = 676B1553267F9C0D003A125E /* Products */;
			projectDirPath = "";
			projectRoot = "";
			targets = (
				676B1551267F9C0D003A125E /* clubhouse */,
			);
		};
/* End PBXProject section */

/* Begin PBXResourcesBuildPhase section */
		676B1550267F9C0D003A125E /* Resources */ = {
			isa = PBXResourcesBuildPhase;
			buildActionMask = 2147483647;
			files = (
				676B1562267F9C0E003A125E /* LaunchScreen.storyboard in Resources */,
				676B155F267F9C0E003A125E /* Preview Assets.xcassets in Resources */,
				676B155C267F9C0E003A125E /* Assets.xcassets in Resources */,
			);
			runOnlyForDeploymentPostprocessing = 0;
		};
/* End PBXResourcesBuildPhase section */

/* Begin PBXSourcesBuildPhase section */
		676B154E267F9C0D003A125E /* Sources */ = {
			isa = PBXSourcesBuildPhase;
			buildActionMask = 2147483647;
			files = (
				676B1585267F9D9B003A125E /* Names.swift in Sources */,
				676B157C267F9D4B003A125E /* CA+Font.swift in Sources */,
				676B1556267F9C0D003A125E /* AppDelegate.swift in Sources */,
				676B1583267F9D8C003A125E /* Room.swift in Sources */,
				676B157A267F9D3D003A125E /* CA+Color.swift in Sources */,
				676B1589267F9DB6003A125E /* Icons.swift in Sources */,
				676B157E267F9D5C003A125E /* CA+Misc.swift in Sources */,
				676B156C267F9CA6003A125E /* RoomView.swift in Sources */,
				676B1571267F9CE7003A125E /* UserCell.swift in Sources */,
				676B156A267F9C80003A125E /* HomeView.swift in Sources */,
				676B1575267F9D03003A125E /* RoomListeners.swift in Sources */,
				676B156F267F9CCB003A125E /* RoomCell.swift in Sources */,
				676B1558267F9C0D003A125E /* SceneDelegate.swift in Sources */,
				676B1573267F9CF7003A125E /* EventCell.swift in Sources */,
				676B1587267F9DA4003A125E /* Images.swift in Sources */,
				676B1578267F9D2B003A125E /* CA+Modifier.swift in Sources */,
				676B1581267F9D7B003A125E /* Event.swift in Sources */,
			);
			runOnlyForDeploymentPostprocessing = 0;
		};
/* End PBXSourcesBuildPhase section */

/* Begin PBXVariantGroup section */
		676B1560267F9C0E003A125E /* LaunchScreen.storyboard */ = {
			isa = PBXVariantGroup;
			children = (
				676B1561267F9C0E003A125E /* Base */,
			);
			name = LaunchScreen.storyboard;
			sourceTree = "<group>";
		};
/* End PBXVariantGroup section */

/* Begin XCBuildConfiguration section */
		676B1564267F9C0E003A125E /* Debug */ = {
			isa = XCBuildConfiguration;
			buildSettings = {
				ALWAYS_SEARCH_USER_PATHS = NO;
				CLANG_ANALYZER_NONNULL = YES;
				CLANG_ANALYZER_NUMBER_OBJECT_CONVERSION = YES_AGGRESSIVE;
				CLANG_CXX_LANGUAGE_STANDARD = "gnu++14";
				CLANG_CXX_LIBRARY = "libc++";
				CLANG_ENABLE_MODULES = YES;
				CLANG_ENABLE_OBJC_ARC = YES;
				CLANG_ENABLE_OBJC_WEAK = YES;
				CLANG_WARN_BLOCK_CAPTURE_AUTORELEASING = YES;
				CLANG_WARN_BOOL_CONVERSION = YES;
				CLANG_WARN_COMMA = YES;
				CLANG_WARN_CONSTANT_CONVERSION = YES;
				CLANG_WARN_DEPRECATED_OBJC_IMPLEMENTATIONS = YES;
				CLANG_WARN_DIRECT_OBJC_ISA_USAGE = YES_ERROR;
				CLANG_WARN_DOCUMENTATION_COMMENTS = YES;
				CLANG_WARN_EMPTY_BODY = YES;
				CLANG_WARN_ENUM_CONVERSION = YES;
				CLANG_WARN_INFINITE_RECURSION = YES;
				CLANG_WARN_INT_CONVERSION = YES;
				CLANG_WARN_NON_LITERAL_NULL_CONVERSION = YES;
				CLANG_WARN_OBJC_IMPLICIT_RETAIN_SELF = YES;
				CLANG_WARN_OBJC_LITERAL_CONVERSION = YES;
				CLANG_WARN_OBJC_ROOT_CLASS = YES_ERROR;
				CLANG_WARN_QUOTED_INCLUDE_IN_FRAMEWORK_HEADER = YES;
				CLANG_WARN_RANGE_LOOP_ANALYSIS = YES;
				CLANG_WARN_STRICT_PROTOTYPES = YES;
				CLANG_WARN_SUSPICIOUS_MOVE = YES;
				CLANG_WARN_UNGUARDED_AVAILABILITY = YES_AGGRESSIVE;
				CLANG_WARN_UNREACHABLE_CODE = YES;
				CLANG_WARN__DUPLICATE_METHOD_MATCH = YES;
				COPY_PHASE_STRIP = NO;
				DEBUG_INFORMATION_FORMAT = dwarf;
				ENABLE_STRICT_OBJC_MSGSEND = YES;
				ENABLE_TESTABILITY = YES;
				GCC_C_LANGUAGE_STANDARD = gnu11;
				GCC_DYNAMIC_NO_PIC = NO;
				GCC_NO_COMMON_BLOCKS = YES;
				GCC_OPTIMIZATION_LEVEL = 0;
				GCC_PREPROCESSOR_DEFINITIONS = (
					"DEBUG=1",
					"$(inherited)",
				);
				GCC_WARN_64_TO_32_BIT_CONVERSION = YES;
				GCC_WARN_ABOUT_RETURN_TYPE = YES_ERROR;
				GCC_WARN_UNDECLARED_SELECTOR = YES;
				GCC_WARN_UNINITIALIZED_AUTOS = YES_AGGRESSIVE;
				GCC_WARN_UNUSED_FUNCTION = YES;
				GCC_WARN_UNUSED_VARIABLE = YES;
				IPHONEOS_DEPLOYMENT_TARGET = 14.5;
				MTL_ENABLE_DEBUG_INFO = INCLUDE_SOURCE;
				MTL_FAST_MATH = YES;
				ONLY_ACTIVE_ARCH = YES;
				SDKROOT = iphoneos;
				SWIFT_ACTIVE_COMPILATION_CONDITIONS = DEBUG;
				SWIFT_OPTIMIZATION_LEVEL = "-Onone";
			};
			name = Debug;
		};
		676B1565267F9C0E003A125E /* Release */ = {
			isa = XCBuildConfiguration;
			buildSettings = {
				ALWAYS_SEARCH_USER_PATHS = NO;
				CLANG_ANALYZER_NONNULL = YES;
				CLANG_ANALYZER_NUMBER_OBJECT_CONVERSION = YES_AGGRESSIVE;
				CLANG_CXX_LANGUAGE_STANDARD = "gnu++14";
				CLANG_CXX_LIBRARY = "libc++";
				CLANG_ENABLE_MODULES = YES;
				CLANG_ENABLE_OBJC_ARC = YES;
				CLANG_ENABLE_OBJC_WEAK = YES;
				CLANG_WARN_BLOCK_CAPTURE_AUTORELEASING = YES;
				CLANG_WARN_BOOL_CONVERSION = YES;
				CLANG_WARN_COMMA = YES;
				CLANG_WARN_CONSTANT_CONVERSION = YES;
				CLANG_WARN_DEPRECATED_OBJC_IMPLEMENTATIONS = YES;
				CLANG_WARN_DIRECT_OBJC_ISA_USAGE = YES_ERROR;
				CLANG_WARN_DOCUMENTATION_COMMENTS = YES;
				CLANG_WARN_EMPTY_BODY = YES;
				CLANG_WARN_ENUM_CONVERSION = YES;
				CLANG_WARN_INFINITE_RECURSION = YES;
				CLANG_WARN_INT_CONVERSION = YES;
				CLANG_WARN_NON_LITERAL_NULL_CONVERSION = YES;
				CLANG_WARN_OBJC_IMPLICIT_RETAIN_SELF = YES;
				CLANG_WARN_OBJC_LITERAL_CONVERSION = YES;
				CLANG_WARN_OBJC_ROOT_CLASS = YES_ERROR;
				CLANG_WARN_QUOTED_INCLUDE_IN_FRAMEWORK_HEADER = YES;
				CLANG_WARN_RANGE_LOOP_ANALYSIS = YES;
				CLANG_WARN_STRICT_PROTOTYPES = YES;
				CLANG_WARN_SUSPICIOUS_MOVE = YES;
				CLANG_WARN_UNGUARDED_AVAILABILITY = YES_AGGRESSIVE;
				CLANG_WARN_UNREACHABLE_CODE = YES;
				CLANG_WARN__DUPLICATE_METHOD_MATCH = YES;
				COPY_PHASE_STRIP = NO;
				DEBUG_INFORMATION_FORMAT = "dwarf-with-dsym";
				ENABLE_NS_ASSERTIONS = NO;
				ENABLE_STRICT_OBJC_MSGSEND = YES;
				GCC_C_LANGUAGE_STANDARD = gnu11;
				GCC_NO_COMMON_BLOCKS = YES;
				GCC_WARN_64_TO_32_BIT_CONVERSION = YES;
				GCC_WARN_ABOUT_RETURN_TYPE = YES_ERROR;
				GCC_WARN_UNDECLARED_SELECTOR = YES;
				GCC_WARN_UNINITIALIZED_AUTOS = YES_AGGRESSIVE;
				GCC_WARN_UNUSED_FUNCTION = YES;
				GCC_WARN_UNUSED_VARIABLE = YES;
				IPHONEOS_DEPLOYMENT_TARGET = 14.5;
				MTL_ENABLE_DEBUG_INFO = NO;
				MTL_FAST_MATH = YES;
				SDKROOT = iphoneos;
				SWIFT_COMPILATION_MODE = wholemodule;
				SWIFT_OPTIMIZATION_LEVEL = "-O";
				VALIDATE_PRODUCT = YES;
			};
			name = Release;
		};
		676B1567267F9C0E003A125E /* Debug */ = {
			isa = XCBuildConfiguration;
			buildSettings = {
				ASSETCATALOG_COMPILER_APPICON_NAME = AppIcon;
				ASSETCATALOG_COMPILER_GLOBAL_ACCENT_COLOR_NAME = AccentColor;
				CODE_SIGN_STYLE = Automatic;
				DEVELOPMENT_ASSET_PATHS = "\"clubhouse/Preview Content\"";
				DEVELOPMENT_TEAM = F59A6ZU5Y6;
				ENABLE_PREVIEWS = YES;
				INFOPLIST_FILE = clubhouse/Info.plist;
				IPHONEOS_DEPLOYMENT_TARGET = 14.1;
				LD_RUNPATH_SEARCH_PATHS = (
					"$(inherited)",
					"@executable_path/Frameworks",
				);
				PRODUCT_BUNDLE_IDENTIFIER = com.replica.clubhouse;
				PRODUCT_NAME = "$(TARGET_NAME)";
				SWIFT_VERSION = 5.0;
				TARGETED_DEVICE_FAMILY = "1,2";
			};
			name = Debug;
		};
		676B1568267F9C0E003A125E /* Release */ = {
			isa = XCBuildConfiguration;
			buildSettings = {
				ASSETCATALOG_COMPILER_APPICON_NAME = AppIcon;
				ASSETCATALOG_COMPILER_GLOBAL_ACCENT_COLOR_NAME = AccentColor;
				CODE_SIGN_STYLE = Automatic;
				DEVELOPMENT_ASSET_PATHS = "\"clubhouse/Preview Content\"";
				DEVELOPMENT_TEAM = F59A6ZU5Y6;
				ENABLE_PREVIEWS = YES;
				INFOPLIST_FILE = clubhouse/Info.plist;
				IPHONEOS_DEPLOYMENT_TARGET = 14.1;
				LD_RUNPATH_SEARCH_PATHS = (
					"$(inherited)",
					"@executable_path/Frameworks",
				);
				PRODUCT_BUNDLE_IDENTIFIER = com.replica.clubhouse;
				PRODUCT_NAME = "$(TARGET_NAME)";
				SWIFT_VERSION = 5.0;
				TARGETED_DEVICE_FAMILY = "1,2";
			};
			name = Release;
		};
/* End XCBuildConfiguration section */

/* Begin XCConfigurationList section */
		676B154D267F9C0D003A125E /* Build configuration list for PBXProject "clubhouse" */ = {
			isa = XCConfigurationList;
			buildConfigurations = (
				676B1564267F9C0E003A125E /* Debug */,
				676B1565267F9C0E003A125E /* Release */,
			);
			defaultConfigurationIsVisible = 0;
			defaultConfigurationName = Release;
		};
		676B1566267F9C0E003A125E /* Build configuration list for PBXNativeTarget "clubhouse" */ = {
			isa = XCConfigurationList;
			buildConfigurations = (
				676B1567267F9C0E003A125E /* Debug */,
				676B1568267F9C0E003A125E /* Release */,
			);
			defaultConfigurationIsVisible = 0;
			defaultConfigurationName = Release;
		};
/* End XCConfigurationList section */
	};
	rootObject = 676B154A267F9C0D003A125E /* Project object */;
}
